<?xml version="1.0" encoding="utf-8"?>
<Project ToolsVersion="4.0" xmlns="http://schemas.microsoft.com/developer/msbuild/2003">
  <ItemGroup>
    <ClCompile Include="Main.cpp">
      <Filter>Source Files</Filter>
    </ClCompile>
    <ClCompile Include="Shader.cpp">
      <Filter>Source Files</Filter>
    </ClCompile>
    <ClCompile Include="ChipInterpretCore.h">
      <Filter>Header Files</Filter>
    </ClCompile>
    <ClCompile Include="Libs\ImGUI\imgui.cpp">
      <Filter>Source Files\ImGUI</Filter>
    </ClCompile>
    <ClCompile Include="Libs\ImGUI\imgui_demo.cpp">
      <Filter>Source Files\ImGUI</Filter>
    </ClCompile>
    <ClCompile Include="Libs\ImGUI\imgui_draw.cpp">
      <Filter>Source Files\ImGUI</Filter>
    </ClCompile>
    <ClCompile Include="Libs\ImGUI\imgui_impl_glfw.cpp">
      <Filter>Source Files\ImGUI</Filter>
    </ClCompile>
    <ClCompile Include="Libs\ImGUI\imgui_impl_opengl3.cpp">
      <Filter>Source Files\ImGUI</Filter>
    </ClCompile>
    <ClCompile Include="Libs\ImGUI\imgui_tables.cpp">
      <Filter>Source Files\ImGUI</Filter>
    </ClCompile>
    <ClCompile Include="Libs\ImGUI\imgui_widgets.cpp">
      <Filter>Source Files\ImGUI</Filter>
    </ClCompile>
    <ClCompile Include="Libs\glad\glad.c">
      <Filter>Source Files\glad</Filter>
    </ClCompile>
    <ClCompile Include="Test.cpp">
      <Filter>Source Files</Filter>
    </ClCompile>
    <ClCompile Include="ChipState.cpp">
      <Filter>Source Files</Filter>
    </ClCompile>
    <ClCompile Include="ChipJITState.cpp">
      <Filter>Source Files</Filter>
    </ClCompile>
    <ClCompile Include="ChipCore.cpp">
      <Filter>Source Files</Filter>
    </ClCompile>
  </ItemGroup>
  <ItemGroup>
    <Filter Include="Source Files">
      <UniqueIdentifier>{37855c3c-97df-4887-9ef4-969f3faeea15}</UniqueIdentifier>
    </Filter>
    <Filter Include="Header Files">
      <UniqueIdentifier>{fe18ed77-5e01-4779-a838-98707affe9db}</UniqueIdentifier>
    </Filter>
    <Filter Include="data">
      <UniqueIdentifier>{8a5de96e-ab36-488c-b1de-165150a04baa}</UniqueIdentifier>
    </Filter>
    <Filter Include="ROMs">
      <UniqueIdentifier>{ee08d43c-324c-42df-b56e-d9c2be1d5ebe}</UniqueIdentifier>
    </Filter>
    <Filter Include="Header Files\ImGUI">
      <UniqueIdentifier>{db451182-e8c8-47dc-8002-7af1c354478f}</UniqueIdentifier>
    </Filter>
    <Filter Include="Source Files\ImGUI">
      <UniqueIdentifier>{cf58f303-daf0-40cc-853f-6d88476efd28}</UniqueIdentifier>
    </Filter>
    <Filter Include="Source Files\glad">
      <UniqueIdentifier>{7d5d87e8-15f3-41ff-baad-3dfe3834001b}</UniqueIdentifier>
    </Filter>
    <Filter Include="Header Files\MiniAudio">
      <UniqueIdentifier>{d6c2901f-1688-4124-88af-a21e81bf8978}</UniqueIdentifier>
    </Filter>
  </ItemGroup>
  <ItemGroup>
    <ClInclude Include="Shader.h">
      <Filter>Header Files</Filter>
    </ClInclude>
    <ClInclude Include="Libs\ImGUI\imconfig.h">
      <Filter>Header Files\ImGUI</Filter>
    </ClInclude>
    <ClInclude Include="Libs\ImGUI\imgui.h">
      <Filter>Header Files\ImGUI</Filter>
    </ClInclude>
    <ClInclude Include="Libs\ImGUI\imgui_impl_glfw.h">
      <Filter>Header Files\ImGUI</Filter>
    </ClInclude>
    <ClInclude Include="Libs\ImGUI\imgui_impl_opengl3.h">
      <Filter>Header Files\ImGUI</Filter>
    </ClInclude>
    <ClInclude Include="Libs\ImGUI\imgui_impl_opengl3_loader.h">
      <Filter>Header Files\ImGUI</Filter>
    </ClInclude>
    <ClInclude Include="Libs\ImGUI\imgui_internal.h">
      <Filter>Header Files\ImGUI</Filter>
    </ClInclude>
    <ClInclude Include="Libs\ImGUI\imstb_rectpack.h">
      <Filter>Header Files\ImGUI</Filter>
    </ClInclude>
    <ClInclude Include="Libs\ImGUI\imstb_textedit.h">
      <Filter>Header Files\ImGUI</Filter>
    </ClInclude>
    <ClInclude Include="Libs\ImGUI\imstb_truetype.h">
      <Filter>Header Files\ImGUI</Filter>
    </ClInclude>
    <ClInclude Include="Libs\MiniAudio\miniaudio.h">
      <Filter>Header Files\MiniAudio</Filter>
    </ClInclude>
    <ClInclude Include="Quirks.h">
      <Filter>Header Files</Filter>
    </ClInclude>
    <ClInclude Include="ChipJITCore.h">
      <Filter>Header Files</Filter>
    </ClInclude>
    <ClInclude Include="ChipEmitter.h">
      <Filter>Header Files</Filter>
    </ClInclude>
    <ClInclude Include="ChipState.h">
      <Filter>Header Files</Filter>
    </ClInclude>
    <ClInclude Include="ChipJITState.h">
      <Filter>Header Files</Filter>
    </ClInclude>
    <ClInclude Include="resources.h">
      <Filter>Header Files</Filter>
    </ClInclude>
    <ClInclude Include="ChipCore.h">
      <Filter>Header Files</Filter>
    </ClInclude>
  </ItemGroup>
  <ItemGroup>
    <None Include="ROMs\chipLogo.ch8">
      <Filter>ROMs</Filter>
    </None>
    <None Include="ROMs\1dcell.benchmark">
      <Filter>ROMs</Filter>
    </None>
  </ItemGroup>
  <ItemGroup>
    <Text Include="data\keyConfig.ini">
      <Filter>data</Filter>
    </Text>
  </ItemGroup>
</Project>